// !$*UTF8*$!
{
	archiveVersion = 1;
	classes = {
	};
	objectVersion = 46;
	objects = {

/* Begin PBXBuildFile section */
		202294561D1533E000C63862 /* main.m in Sources */ = {isa = PBXBuildFile; fileRef = 202294551D1533E000C63862 /* main.m */; };
		202294591D1533E000C63862 /* AppDelegate.m in Sources */ = {isa = PBXBuildFile; fileRef = 202294581D1533E000C63862 /* AppDelegate.m */; };
		202294611D1533E000C63862 /* Assets.xcassets in Resources */ = {isa = PBXBuildFile; fileRef = 202294601D1533E000C63862 /* Assets.xcassets */; };
		202294641D1533E000C63862 /* LaunchScreen.storyboard in Resources */ = {isa = PBXBuildFile; fileRef = 202294621D1533E000C63862 /* LaunchScreen.storyboard */; };
		2022946E1D1542D700C63862 /* RootViewController.m in Sources */ = {isa = PBXBuildFile; fileRef = 2022946D1D1542D700C63862 /* RootViewController.m */; };
		202294721D154C2300C63862 /* LoginViewController.m in Sources */ = {isa = PBXBuildFile; fileRef = 202294711D154C2300C63862 /* LoginViewController.m */; };
		202294751D154C3A00C63862 /* RegisterViewController.m in Sources */ = {isa = PBXBuildFile; fileRef = 202294741D154C3A00C63862 /* RegisterViewController.m */; };
		2022947C1D154E7E00C63862 /* BaseViewController.m in Sources */ = {isa = PBXBuildFile; fileRef = 2022947B1D154E7E00C63862 /* BaseViewController.m */; };
		202294811D154FC000C63862 /* Util.m in Sources */ = {isa = PBXBuildFile; fileRef = 202294801D154FC000C63862 /* Util.m */; };
		202294881D1550B000C63862 /* goBack@2x.png in Resources */ = {isa = PBXBuildFile; fileRef = 202294871D1550B000C63862 /* goBack@2x.png */; };
		2022948A1D1550B800C63862 /* goBack@3x.png in Resources */ = {isa = PBXBuildFile; fileRef = 202294891D1550B800C63862 /* goBack@3x.png */; };
/* End PBXBuildFile section */

/* Begin PBXFileReference section */
		202294511D1533E000C63862 /* Artlets.app */ = {isa = PBXFileReference; explicitFileType = wrapper.application; includeInIndex = 0; path = Artlets.app; sourceTree = BUILT_PRODUCTS_DIR; };
		202294551D1533E000C63862 /* main.m */ = {isa = PBXFileReference; lastKnownFileType = sourcecode.c.objc; path = main.m; sourceTree = "<group>"; };
		202294571D1533E000C63862 /* AppDelegate.h */ = {isa = PBXFileReference; lastKnownFileType = sourcecode.c.h; path = AppDelegate.h; sourceTree = "<group>"; };
		202294581D1533E000C63862 /* AppDelegate.m */ = {isa = PBXFileReference; lastKnownFileType = sourcecode.c.objc; path = AppDelegate.m; sourceTree = "<group>"; };
		202294601D1533E000C63862 /* Assets.xcassets */ = {isa = PBXFileReference; lastKnownFileType = folder.assetcatalog; path = Assets.xcassets; sourceTree = "<group>"; };
		202294631D1533E000C63862 /* Base */ = {isa = PBXFileReference; lastKnownFileType = file.storyboard; name = Base; path = Base.lproj/LaunchScreen.storyboard; sourceTree = "<group>"; };
		202294651D1533E000C63862 /* Info.plist */ = {isa = PBXFileReference; lastKnownFileType = text.plist.xml; path = Info.plist; sourceTree = "<group>"; };
		2022946C1D1542D700C63862 /* RootViewController.h */ = {isa = PBXFileReference; fileEncoding = 4; lastKnownFileType = sourcecode.c.h; path = RootViewController.h; sourceTree = "<group>"; };
		2022946D1D1542D700C63862 /* RootViewController.m */ = {isa = PBXFileReference; fileEncoding = 4; lastKnownFileType = sourcecode.c.objc; path = RootViewController.m; sourceTree = "<group>"; };
		202294701D154C2300C63862 /* LoginViewController.h */ = {isa = PBXFileReference; fileEncoding = 4; lastKnownFileType = sourcecode.c.h; path = LoginViewController.h; sourceTree = "<group>"; };
		202294711D154C2300C63862 /* LoginViewController.m */ = {isa = PBXFileReference; fileEncoding = 4; lastKnownFileType = sourcecode.c.objc; path = LoginViewController.m; sourceTree = "<group>"; };
		202294731D154C3A00C63862 /* RegisterViewController.h */ = {isa = PBXFileReference; fileEncoding = 4; lastKnownFileType = sourcecode.c.h; path = RegisterViewController.h; sourceTree = "<group>"; };
		202294741D154C3A00C63862 /* RegisterViewController.m */ = {isa = PBXFileReference; fileEncoding = 4; lastKnownFileType = sourcecode.c.objc; path = RegisterViewController.m; sourceTree = "<group>"; };
		202294771D154CA800C63862 /* PrefixHeader.pch */ = {isa = PBXFileReference; fileEncoding = 4; lastKnownFileType = sourcecode.c.h; path = PrefixHeader.pch; sourceTree = "<group>"; };
		2022947A1D154E7E00C63862 /* BaseViewController.h */ = {isa = PBXFileReference; fileEncoding = 4; lastKnownFileType = sourcecode.c.h; path = BaseViewController.h; sourceTree = "<group>"; };
		2022947B1D154E7E00C63862 /* BaseViewController.m */ = {isa = PBXFileReference; fileEncoding = 4; lastKnownFileType = sourcecode.c.objc; path = BaseViewController.m; sourceTree = "<group>"; };
		2022947E1D154FB500C63862 /* Config.h */ = {isa = PBXFileReference; fileEncoding = 4; lastKnownFileType = sourcecode.c.h; path = Config.h; sourceTree = "<group>"; };
		2022947F1D154FC000C63862 /* Util.h */ = {isa = PBXFileReference; fileEncoding = 4; lastKnownFileType = sourcecode.c.h; path = Util.h; sourceTree = "<group>"; };
		202294801D154FC000C63862 /* Util.m */ = {isa = PBXFileReference; fileEncoding = 4; lastKnownFileType = sourcecode.c.objc; path = Util.m; sourceTree = "<group>"; };
		202294871D1550B000C63862 /* goBack@2x.png */ = {isa = PBXFileReference; lastKnownFileType = image.png; path = "goBack@2x.png"; sourceTree = "<group>"; };
		202294891D1550B800C63862 /* goBack@3x.png */ = {isa = PBXFileReference; lastKnownFileType = image.png; path = "goBack@3x.png"; sourceTree = "<group>"; };
/* End PBXFileReference section */

/* Begin PBXFrameworksBuildPhase section */
		2022944E1D1533E000C63862 /* Frameworks */ = {
			isa = PBXFrameworksBuildPhase;
			buildActionMask = 2147483647;
			files = (
			);
			runOnlyForDeploymentPostprocessing = 0;
		};
/* End PBXFrameworksBuildPhase section */

/* Begin PBXGroup section */
		202294481D1533E000C63862 = {
			isa = PBXGroup;
			children = (
				202294531D1533E000C63862 /* Artlets */,
				202294521D1533E000C63862 /* Products */,
			);
			sourceTree = "<group>";
		};
		202294521D1533E000C63862 /* Products */ = {
			isa = PBXGroup;
			children = (
				202294511D1533E000C63862 /* Artlets.app */,
			);
			name = Products;
			sourceTree = "<group>";
		};
		202294531D1533E000C63862 /* Artlets */ = {
			isa = PBXGroup;
			children = (
				2022946B1D153DF200C63862 /* Classes */,
				202294571D1533E000C63862 /* AppDelegate.h */,
				202294581D1533E000C63862 /* AppDelegate.m */,
				202294601D1533E000C63862 /* Assets.xcassets */,
				202294621D1533E000C63862 /* LaunchScreen.storyboard */,
				202294651D1533E000C63862 /* Info.plist */,
				202294771D154CA800C63862 /* PrefixHeader.pch */,
				202294821D154FFD00C63862 /* Resourse */,
				202294541D1533E000C63862 /* Supporting Files */,
			);
			path = Artlets;
			sourceTree = "<group>";
		};
		202294541D1533E000C63862 /* Supporting Files */ = {
			isa = PBXGroup;
			children = (
				202294551D1533E000C63862 /* main.m */,
			);
			name = "Supporting Files";
			sourceTree = "<group>";
		};
		2022946B1D153DF200C63862 /* Classes */ = {
			isa = PBXGroup;
			children = (
				202294761D154C8900C63862 /* Util */,
				2022946F1D154C0F00C63862 /* Login&Register */,
				2022946C1D1542D700C63862 /* RootViewController.h */,
				2022946D1D1542D700C63862 /* RootViewController.m */,
			);
			path = Classes;
			sourceTree = "<group>";
		};
		2022946F1D154C0F00C63862 /* Login&Register */ = {
			isa = PBXGroup;
			children = (
				202294701D154C2300C63862 /* LoginViewController.h */,
				202294711D154C2300C63862 /* LoginViewController.m */,
				202294741D154C3A00C63862 /* RegisterViewController.m */,
				202294731D154C3A00C63862 /* RegisterViewController.h */,
			);
			path = "Login&Register";
			sourceTree = "<group>";
		};
		202294761D154C8900C63862 /* Util */ = {
			isa = PBXGroup;
			children = (
				2022947D1D154FB500C63862 /* Utilty */,
				202294791D154E7200C63862 /* Base */,
			);
			path = Util;
			sourceTree = "<group>";
		};
		202294791D154E7200C63862 /* Base */ = {
			isa = PBXGroup;
			children = (
				2022947A1D154E7E00C63862 /* BaseViewController.h */,
				2022947B1D154E7E00C63862 /* BaseViewController.m */,
			);
			path = Base;
			sourceTree = "<group>";
		};
		2022947D1D154FB500C63862 /* Utilty */ = {
			isa = PBXGroup;
			children = (
				2022947F1D154FC000C63862 /* Util.h */,
				202294801D154FC000C63862 /* Util.m */,
				2022947E1D154FB500C63862 /* Config.h */,
			);
			path = Utilty;
			sourceTree = "<group>";
		};
		202294821D154FFD00C63862 /* Resourse */ = {
			isa = PBXGroup;
			children = (
				202294831D154FFD00C63862 /* Images */,
			);
			path = Resourse;
			sourceTree = "<group>";
		};
		202294831D154FFD00C63862 /* Images */ = {
			isa = PBXGroup;
			children = (
				202294841D15508D00C63862 /* @2x */,
				202294851D15508D00C63862 /* @3x */,
			);
			path = Images;
			sourceTree = "<group>";
		};
		202294841D15508D00C63862 /* @2x */ = {
			isa = PBXGroup;
			children = (
				202294871D1550B000C63862 /* goBack@2x.png */,
			);
			path = "@2x";
			sourceTree = "<group>";
		};
		202294851D15508D00C63862 /* @3x */ = {
			isa = PBXGroup;
			children = (
				202294891D1550B800C63862 /* goBack@3x.png */,
			);
			path = "@3x";
			sourceTree = "<group>";
		};
/* End PBXGroup section */

/* Begin PBXNativeTarget section */
		202294501D1533E000C63862 /* Artlets */ = {
			isa = PBXNativeTarget;
			buildConfigurationList = 202294681D1533E000C63862 /* Build configuration list for PBXNativeTarget "Artlets" */;
			buildPhases = (
				2022944D1D1533E000C63862 /* Sources */,
				2022944E1D1533E000C63862 /* Frameworks */,
				2022944F1D1533E000C63862 /* Resources */,
			);
			buildRules = (
			);
			dependencies = (
			);
			name = Artlets;
			productName = Artlets;
			productReference = 202294511D1533E000C63862 /* Artlets.app */;
			productType = "com.apple.product-type.application";
		};
/* End PBXNativeTarget section */

/* Begin PBXProject section */
		202294491D1533E000C63862 /* Project object */ = {
			isa = PBXProject;
			attributes = {
				LastUpgradeCheck = 0730;
				ORGANIZATIONNAME = lyk;
				TargetAttributes = {
					202294501D1533E000C63862 = {
						CreatedOnToolsVersion = 7.3;
					};
				};
			};
			buildConfigurationList = 2022944C1D1533E000C63862 /* Build configuration list for PBXProject "Artlets" */;
			compatibilityVersion = "Xcode 3.2";
			developmentRegion = English;
			hasScannedForEncodings = 0;
			knownRegions = (
				en,
				Base,
			);
			mainGroup = 202294481D1533E000C63862;
			productRefGroup = 202294521D1533E000C63862 /* Products */;
			projectDirPath = "";
			projectRoot = "";
			targets = (
				202294501D1533E000C63862 /* Artlets */,
			);
		};
/* End PBXProject section */

/* Begin PBXResourcesBuildPhase section */
		2022944F1D1533E000C63862 /* Resources */ = {
			isa = PBXResourcesBuildPhase;
			buildActionMask = 2147483647;
			files = (
				202294881D1550B000C63862 /* goBack@2x.png in Resources */,
				202294641D1533E000C63862 /* LaunchScreen.storyboard in Resources */,
				2022948A1D1550B800C63862 /* goBack@3x.png in Resources */,
				202294611D1533E000C63862 /* Assets.xcassets in Resources */,
			);
			runOnlyForDeploymentPostprocessing = 0;
		};
/* End PBXResourcesBuildPhase section */

/* Begin PBXSourcesBuildPhase section */
		2022944D1D1533E000C63862 /* Sources */ = {
			isa = PBXSourcesBuildPhase;
			buildActionMask = 2147483647;
			files = (
				202294751D154C3A00C63862 /* RegisterViewController.m in Sources */,
				2022947C1D154E7E00C63862 /* BaseViewController.m in Sources */,
				202294721D154C2300C63862 /* LoginViewController.m in Sources */,
				202294591D1533E000C63862 /* AppDelegate.m in Sources */,
				202294561D1533E000C63862 /* main.m in Sources */,
				202294811D154FC000C63862 /* Util.m in Sources */,
				2022946E1D1542D700C63862 /* RootViewController.m in Sources */,
			);
			runOnlyForDeploymentPostprocessing = 0;
		};
/* End PBXSourcesBuildPhase section */

/* Begin PBXVariantGroup section */
		202294621D1533E000C63862 /* LaunchScreen.storyboard */ = {
			isa = PBXVariantGroup;
			children = (
				202294631D1533E000C63862 /* Base */,
			);
			name = LaunchScreen.storyboard;
			sourceTree = "<group>";
		};
/* End PBXVariantGroup section */

/* Begin XCBuildConfiguration section */
		202294661D1533E000C63862 /* Debug */ = {
			isa = XCBuildConfiguration;
			buildSettings = {
				ALWAYS_SEARCH_USER_PATHS = NO;
				CLANG_ANALYZER_NONNULL = YES;
				CLANG_CXX_LANGUAGE_STANDARD = "gnu++0x";
				CLANG_CXX_LIBRARY = "libc++";
				CLANG_ENABLE_MODULES = YES;
				CLANG_ENABLE_OBJC_ARC = YES;
				CLANG_WARN_BOOL_CONVERSION = YES;
				CLANG_WARN_CONSTANT_CONVERSION = YES;
				CLANG_WARN_DIRECT_OBJC_ISA_USAGE = YES_ERROR;
				CLANG_WARN_EMPTY_BODY = YES;
				CLANG_WARN_ENUM_CONVERSION = YES;
				CLANG_WARN_INT_CONVERSION = YES;
				CLANG_WARN_OBJC_ROOT_CLASS = YES_ERROR;
				CLANG_WARN_UNREACHABLE_CODE = YES;
				CLANG_WARN__DUPLICATE_METHOD_MATCH = YES;
				"CODE_SIGN_IDENTITY[sdk=iphoneos*]" = "iPhone Developer";
				COPY_PHASE_STRIP = NO;
				DEBUG_INFORMATION_FORMAT = dwarf;
				ENABLE_STRICT_OBJC_MSGSEND = YES;
				ENABLE_TESTABILITY = YES;
				GCC_C_LANGUAGE_STANDARD = gnu99;
				GCC_DYNAMIC_NO_PIC = NO;
				GCC_NO_COMMON_BLOCKS = YES;
				GCC_OPTIMIZATION_LEVEL = 0;
				GCC_PREPROCESSOR_DEFINITIONS = (
					"DEBUG=1",
					"$(inherited)",
				);
				GCC_WARN_64_TO_32_BIT_CONVERSION = YES;
				GCC_WARN_ABOUT_RETURN_TYPE = YES_ERROR;
				GCC_WARN_UNDECLARED_SELECTOR = YES;
				GCC_WARN_UNINITIALIZED_AUTOS = YES_AGGRESSIVE;
				GCC_WARN_UNUSED_FUNCTION = YES;
				GCC_WARN_UNUSED_VARIABLE = YES;
				IPHONEOS_DEPLOYMENT_TARGET = 9.3;
				MTL_ENABLE_DEBUG_INFO = YES;
				ONLY_ACTIVE_ARCH = YES;
				SDKROOT = iphoneos;
				TARGETED_DEVICE_FAMILY = "1,2";
			};
			name = Debug;
		};
		202294671D1533E000C63862 /* Release */ = {
			isa = XCBuildConfiguration;
			buildSettings = {
				ALWAYS_SEARCH_USER_PATHS = NO;
				CLANG_ANALYZER_NONNULL = YES;
				CLANG_CXX_LANGUAGE_STANDARD = "gnu++0x";
				CLANG_CXX_LIBRARY = "libc++";
				CLANG_ENABLE_MODULES = YES;
				CLANG_ENABLE_OBJC_ARC = YES;
				CLANG_WARN_BOOL_CONVERSION = YES;
				CLANG_WARN_CONSTANT_CONVERSION = YES;
				CLANG_WARN_DIRECT_OBJC_ISA_USAGE = YES_ERROR;
				CLANG_WARN_EMPTY_BODY = YES;
				CLANG_WARN_ENUM_CONVERSION = YES;
				CLANG_WARN_INT_CONVERSION = YES;
				CLANG_WARN_OBJC_ROOT_CLASS = YES_ERROR;
				CLANG_WARN_UNREACHABLE_CODE = YES;
				CLANG_WARN__DUPLICATE_METHOD_MATCH = YES;
				"CODE_SIGN_IDENTITY[sdk=iphoneos*]" = "iPhone Developer";
				COPY_PHASE_STRIP = NO;
				DEBUG_INFORMATION_FORMAT = "dwarf-with-dsym";
				ENABLE_NS_ASSERTIONS = NO;
				ENABLE_STRICT_OBJC_MSGSEND = YES;
				GCC_C_LANGUAGE_STANDARD = gnu99;
				GCC_NO_COMMON_BLOCKS = YES;
				GCC_WARN_64_TO_32_BIT_CONVERSION = YES;
				GCC_WARN_ABOUT_RETURN_TYPE = YES_ERROR;
				GCC_WARN_UNDECLARED_SELECTOR = YES;
				GCC_WARN_UNINITIALIZED_AUTOS = YES_AGGRESSIVE;
				GCC_WARN_UNUSED_FUNCTION = YES;
				GCC_WARN_UNUSED_VARIABLE = YES;
				IPHONEOS_DEPLOYMENT_TARGET = 9.3;
				MTL_ENABLE_DEBUG_INFO = NO;
				SDKROOT = iphoneos;
				TARGETED_DEVICE_FAMILY = "1,2";
				VALIDATE_PRODUCT = YES;
			};
			name = Release;
		};
		202294691D1533E000C63862 /* Debug */ = {
			isa = XCBuildConfiguration;
			buildSettings = {
				ASSETCATALOG_COMPILER_APPICON_NAME = AppIcon;
				GCC_PREFIX_HEADER = "$(SRCROOT)/Artlets/PrefixHeader.pch";
				INFOPLIST_FILE = Artlets/Info.plist;
				LD_RUNPATH_SEARCH_PATHS = "$(inherited) @executable_path/Frameworks";
				PRODUCT_BUNDLE_IDENTIFIER = Bistone.Artlets;
				PRODUCT_NAME = "$(TARGET_NAME)";
			};
			name = Debug;
		};
		2022946A1D1533E000C63862 /* Release */ = {
			isa = XCBuildConfiguration;
			buildSettings = {
				ASSETCATALOG_COMPILER_APPICON_NAME = AppIcon;
				GCC_PREFIX_HEADER = "$(SRCROOT)/Artlets/PrefixHeader.pch";
				INFOPLIST_FILE = Artlets/Info.plist;
				LD_RUNPATH_SEARCH_PATHS = "$(inherited) @executable_path/Frameworks";
				PRODUCT_BUNDLE_IDENTIFIER = Bistone.Artlets;
				PRODUCT_NAME = "$(TARGET_NAME)";
			};
			name = Release;
		};
/* End XCBuildConfiguration section */

/* Begin XCConfigurationList section */
		2022944C1D1533E000C63862 /* Build configuration list for PBXProject "Artlets" */ = {
			isa = XCConfigurationList;
			buildConfigurations = (
				202294661D1533E000C63862 /* Debug */,
				202294671D1533E000C63862 /* Release */,
			);
			defaultConfigurationIsVisible = 0;
			defaultConfigurationName = Release;
		};
		202294681D1533E000C63862 /* Build configuration list for PBXNativeTarget "Artlets" */ = {
			isa = XCConfigurationList;
			buildConfigurations = (
				202294691D1533E000C63862 /* Debug */,
				2022946A1D1533E000C63862 /* Release */,
			);
			defaultConfigurationIsVisible = 0;
			defaultConfigurationName = Release;
		};
/* End XCConfigurationList section */
	};
	rootObject = 202294491D1533E000C63862 /* Project object */;
}
